
Microsoft Visual Studio Solution File, Format Version 12.00
# Visual Studio Version 17
VisualStudioVersion = 17.8.34511.84
MinimumVisualStudioVersion = 10.0.40219.1
Project("{FAE04EC0-301F-11D3-BF4B-00C04F79EFBC}") = "CardsWarGame", "CardsWarGame\CardsWarGame.csproj", "{B94C74B4-C14E-4760-950A-69CB7A9B12F5}"
EndProject
Project("{2150E333-8FDC-42A3-9474-1A3956D46DE8}") = "Solution Items", "Solution Items", "{51E55AE8-9890-4AE1-B7A6-EB57B0F8993F}"
EndProject
Project("{FAE04EC0-301F-11D3-BF4B-00C04F79EFBC}") = "CardsWarGameTests", "CardsWarGameTests\CardsWarGameTests.csproj", "{C5EC4557-5F85-40A7-BCAD-0DFB00694245}"
EndProject
Global
	GlobalSection(SolutionConfigurationPlatforms) = preSolution
		Debug|Any CPU = Debug|Any CPU
		Release|Any CPU = Release|Any CPU
	EndGlobalSection
	GlobalSection(ProjectConfigurationPlatforms) = postSolution
		{B94C74B4-C14E-4760-950A-69CB7A9B12F5}.Debug|Any CPU.ActiveCfg = Debug|Any CPU
		{B94C74B4-C14E-4760-950A-69CB7A9B12F5}.Debug|Any CPU.Build.0 = Debug|Any CPU
		{B94C74B4-C14E-4760-950A-69CB7A9B12F5}.Release|Any CPU.ActiveCfg = Release|Any CPU
		{B94C74B4-C14E-4760-950A-69CB7A9B12F5}.Release|Any CPU.Build.0 = Release|Any CPU
		{C5EC4557-5F85-40A7-BCAD-0DFB00694245}.Debug|Any CPU.ActiveCfg = Debug|Any CPU
		{C5EC4557-5F85-40A7-BCAD-0DFB00694245}.Debug|Any CPU.Build.0 = Debug|Any CPU
		{C5EC4557-5F85-40A7-BCAD-0DFB00694245}.Release|Any CPU.ActiveCfg = Release|Any CPU
		{C5EC4557-5F85-40A7-BCAD-0DFB00694245}.Release|Any CPU.Build.0 = Release|Any CPU
	EndGlobalSection
	GlobalSection(SolutionProperties) = preSolution
		HideSolutionNode = FALSE
	EndGlobalSection
	GlobalSection(ExtensibilityGlobals) = postSolution
		SolutionGuid = {16D32461-7649-4E46-9A04-72ED06FC19C9}
	EndGlobalSection
EndGlobal
